
Microsoft Visual Studio Solution File, Format Version 12.00
# Visual Studio Version 17
VisualStudioVersion = 17.11.35327.3
MinimumVisualStudioVersion = 10.0.40219.1
Project("{FAE04EC0-301F-11D3-BF4B-00C04F79EFBC}") = "hussein", "hussein.csproj", "{2D6CD4B4-82C4-449E-A87E-ED8574B2EDDE}"
EndProject
Global
	GlobalSection(SolutionConfigurationPlatforms) = preSolution
		Debug|Any CPU = Debug|Any CPU
		Release|Any CPU = Release|Any CPU
	EndGlobalSection
	GlobalSection(ProjectConfigurationPlatforms) = postSolution
		{2D6CD4B4-82C4-449E-A87E-ED8574B2EDDE}.Debug|Any CPU.ActiveCfg = Debug|Any CPU
		{2D6CD4B4-82C4-449E-A87E-ED8574B2EDDE}.Debug|Any CPU.Build.0 = Debug|Any CPU
		{2D6CD4B4-82C4-449E-A87E-ED8574B2EDDE}.Release|Any CPU.ActiveCfg = Release|Any CPU
		{2D6CD4B4-82C4-449E-A87E-ED8574B2EDDE}.Release|Any CPU.Build.0 = Release|Any CPU
	EndGlobalSection
	GlobalSection(SolutionProperties) = preSolution
		HideSolutionNode = FALSE
	EndGlobalSection
	GlobalSection(ExtensibilityGlobals) = postSolution
		SolutionGuid = {2A6CCF73-CC67-41A5-994C-BE44143D8523}
	EndGlobalSection
EndGlobal
